// !$*UTF8*$!
{
	archiveVersion = 1;
	classes = {
	};
	objectVersion = 56;
	objects = {

/* Begin PBXBuildFile section */
		12D518442B7F2F4200F928A3 /* AppDelegate.swift in Sources */ = {isa = PBXBuildFile; fileRef = 12D518432B7F2F4200F928A3 /* AppDelegate.swift */; };
		12D518462B7F2F4200F928A3 /* SceneDelegate.swift in Sources */ = {isa = PBXBuildFile; fileRef = 12D518452B7F2F4200F928A3 /* SceneDelegate.swift */; };
		12D518482B7F2F4200F928A3 /* ViewController.swift in Sources */ = {isa = PBXBuildFile; fileRef = 12D518472B7F2F4200F928A3 /* ViewController.swift */; };
		12D5184B2B7F2F4200F928A3 /* Main.storyboard in Resources */ = {isa = PBXBuildFile; fileRef = 12D518492B7F2F4200F928A3 /* Main.storyboard */; };
		12D5184D2B7F2F4700F928A3 /* Assets.xcassets in Resources */ = {isa = PBXBuildFile; fileRef = 12D5184C2B7F2F4700F928A3 /* Assets.xcassets */; };
		12D518502B7F2F4700F928A3 /* LaunchScreen.storyboard in Resources */ = {isa = PBXBuildFile; fileRef = 12D5184E2B7F2F4700F928A3 /* LaunchScreen.storyboard */; };
		12D5185B2B7F2F4800F928A3 /* MyStuffTests.swift in Sources */ = {isa = PBXBuildFile; fileRef = 12D5185A2B7F2F4800F928A3 /* MyStuffTests.swift */; };
		12D518652B7F2F4800F928A3 /* MyStuffUITests.swift in Sources */ = {isa = PBXBuildFile; fileRef = 12D518642B7F2F4800F928A3 /* MyStuffUITests.swift */; };
		12D518672B7F2F4800F928A3 /* MyStuffUITestsLaunchTests.swift in Sources */ = {isa = PBXBuildFile; fileRef = 12D518662B7F2F4800F928A3 /* MyStuffUITestsLaunchTests.swift */; };
/* End PBXBuildFile section */

/* Begin PBXContainerItemProxy section */
		12D518572B7F2F4800F928A3 /* PBXContainerItemProxy */ = {
			isa = PBXContainerItemProxy;
			containerPortal = 12D518382B7F2F4200F928A3 /* Project object */;
			proxyType = 1;
			remoteGlobalIDString = 12D5183F2B7F2F4200F928A3;
			remoteInfo = MyStuff;
		};
		12D518612B7F2F4800F928A3 /* PBXContainerItemProxy */ = {
			isa = PBXContainerItemProxy;
			containerPortal = 12D518382B7F2F4200F928A3 /* Project object */;
			proxyType = 1;
			remoteGlobalIDString = 12D5183F2B7F2F4200F928A3;
			remoteInfo = MyStuff;
		};
/* End PBXContainerItemProxy section */

/* Begin PBXFileReference section */
		12D518402B7F2F4200F928A3 /* MyStuff.app */ = {isa = PBXFileReference; explicitFileType = wrapper.application; includeInIndex = 0; path = MyStuff.app; sourceTree = BUILT_PRODUCTS_DIR; };
		12D518432B7F2F4200F928A3 /* AppDelegate.swift */ = {isa = PBXFileReference; lastKnownFileType = sourcecode.swift; path = AppDelegate.swift; sourceTree = "<group>"; };
		12D518452B7F2F4200F928A3 /* SceneDelegate.swift */ = {isa = PBXFileReference; lastKnownFileType = sourcecode.swift; path = SceneDelegate.swift; sourceTree = "<group>"; };
		12D518472B7F2F4200F928A3 /* ViewController.swift */ = {isa = PBXFileReference; lastKnownFileType = sourcecode.swift; path = ViewController.swift; sourceTree = "<group>"; };
		12D5184A2B7F2F4200F928A3 /* Base */ = {isa = PBXFileReference; lastKnownFileType = file.storyboard; name = Base; path = Base.lproj/Main.storyboard; sourceTree = "<group>"; };
		12D5184C2B7F2F4700F928A3 /* Assets.xcassets */ = {isa = PBXFileReference; lastKnownFileType = folder.assetcatalog; path = Assets.xcassets; sourceTree = "<group>"; };
		12D5184F2B7F2F4700F928A3 /* Base */ = {isa = PBXFileReference; lastKnownFileType = file.storyboard; name = Base; path = Base.lproj/LaunchScreen.storyboard; sourceTree = "<group>"; };
		12D518512B7F2F4700F928A3 /* Info.plist */ = {isa = PBXFileReference; lastKnownFileType = text.plist.xml; path = Info.plist; sourceTree = "<group>"; };
		12D518562B7F2F4800F928A3 /* MyStuffTests.xctest */ = {isa = PBXFileReference; explicitFileType = wrapper.cfbundle; includeInIndex = 0; path = MyStuffTests.xctest; sourceTree = BUILT_PRODUCTS_DIR; };
		12D5185A2B7F2F4800F928A3 /* MyStuffTests.swift */ = {isa = PBXFileReference; lastKnownFileType = sourcecode.swift; path = MyStuffTests.swift; sourceTree = "<group>"; };
		12D518602B7F2F4800F928A3 /* MyStuffUITests.xctest */ = {isa = PBXFileReference; explicitFileType = wrapper.cfbundle; includeInIndex = 0; path = MyStuffUITests.xctest; sourceTree = BUILT_PRODUCTS_DIR; };
		12D518642B7F2F4800F928A3 /* MyStuffUITests.swift */ = {isa = PBXFileReference; lastKnownFileType = sourcecode.swift; path = MyStuffUITests.swift; sourceTree = "<group>"; };
		12D518662B7F2F4800F928A3 /* MyStuffUITestsLaunchTests.swift */ = {isa = PBXFileReference; lastKnownFileType = sourcecode.swift; path = MyStuffUITestsLaunchTests.swift; sourceTree = "<group>"; };
/* End PBXFileReference section */

/* Begin PBXFrameworksBuildPhase section */
		12D5183D2B7F2F4200F928A3 /* Frameworks */ = {
			isa = PBXFrameworksBuildPhase;
			buildActionMask = 2147483647;
			files = (
			);
			runOnlyForDeploymentPostprocessing = 0;
		};
		12D518532B7F2F4800F928A3 /* Frameworks */ = {
			isa = PBXFrameworksBuildPhase;
			buildActionMask = 2147483647;
			files = (
			);
			runOnlyForDeploymentPostprocessing = 0;
		};
		12D5185D2B7F2F4800F928A3 /* Frameworks */ = {
			isa = PBXFrameworksBuildPhase;
			buildActionMask = 2147483647;
			files = (
			);
			runOnlyForDeploymentPostprocessing = 0;
		};
/* End PBXFrameworksBuildPhase section */

/* Begin PBXGroup section */
		12D518372B7F2F4200F928A3 = {
			isa = PBXGroup;
			children = (
				12D518422B7F2F4200F928A3 /* MyStuff */,
				12D518592B7F2F4800F928A3 /* MyStuffTests */,
				12D518632B7F2F4800F928A3 /* MyStuffUITests */,
				12D518412B7F2F4200F928A3 /* Products */,
			);
			sourceTree = "<group>";
		};
		12D518412B7F2F4200F928A3 /* Products */ = {
			isa = PBXGroup;
			children = (
				12D518402B7F2F4200F928A3 /* MyStuff.app */,
				12D518562B7F2F4800F928A3 /* MyStuffTests.xctest */,
				12D518602B7F2F4800F928A3 /* MyStuffUITests.xctest */,
			);
			name = Products;
			sourceTree = "<group>";
		};
		12D518422B7F2F4200F928A3 /* MyStuff */ = {
			isa = PBXGroup;
			children = (
				12D518432B7F2F4200F928A3 /* AppDelegate.swift */,
				12D518452B7F2F4200F928A3 /* SceneDelegate.swift */,
				12D518472B7F2F4200F928A3 /* ViewController.swift */,
				12D518492B7F2F4200F928A3 /* Main.storyboard */,
				12D5184C2B7F2F4700F928A3 /* Assets.xcassets */,
				12D5184E2B7F2F4700F928A3 /* LaunchScreen.storyboard */,
				12D518512B7F2F4700F928A3 /* Info.plist */,
			);
			path = MyStuff;
			sourceTree = "<group>";
		};
		12D518592B7F2F4800F928A3 /* MyStuffTests */ = {
			isa = PBXGroup;
			children = (
				12D5185A2B7F2F4800F928A3 /* MyStuffTests.swift */,
			);
			path = MyStuffTests;
			sourceTree = "<group>";
		};
		12D518632B7F2F4800F928A3 /* MyStuffUITests */ = {
			isa = PBXGroup;
			children = (
				12D518642B7F2F4800F928A3 /* MyStuffUITests.swift */,
				12D518662B7F2F4800F928A3 /* MyStuffUITestsLaunchTests.swift */,
			);
			path = MyStuffUITests;
			sourceTree = "<group>";
		};
/* End PBXGroup section */

/* Begin PBXNativeTarget section */
		12D5183F2B7F2F4200F928A3 /* MyStuff */ = {
			isa = PBXNativeTarget;
			buildConfigurationList = 12D5186A2B7F2F4800F928A3 /* Build configuration list for PBXNativeTarget "MyStuff" */;
			buildPhases = (
				12D5183C2B7F2F4200F928A3 /* Sources */,
				12D5183D2B7F2F4200F928A3 /* Frameworks */,
				12D5183E2B7F2F4200F928A3 /* Resources */,
			);
			buildRules = (
			);
			dependencies = (
			);
			name = MyStuff;
			productName = MyStuff;
			productReference = 12D518402B7F2F4200F928A3 /* MyStuff.app */;
			productType = "com.apple.product-type.application";
		};
		12D518552B7F2F4800F928A3 /* MyStuffTests */ = {
			isa = PBXNativeTarget;
			buildConfigurationList = 12D5186D2B7F2F4800F928A3 /* Build configuration list for PBXNativeTarget "MyStuffTests" */;
			buildPhases = (
				12D518522B7F2F4800F928A3 /* Sources */,
				12D518532B7F2F4800F928A3 /* Frameworks */,
				12D518542B7F2F4800F928A3 /* Resources */,
			);
			buildRules = (
			);
			dependencies = (
				12D518582B7F2F4800F928A3 /* PBXTargetDependency */,
			);
			name = MyStuffTests;
			productName = MyStuffTests;
			productReference = 12D518562B7F2F4800F928A3 /* MyStuffTests.xctest */;
			productType = "com.apple.product-type.bundle.unit-test";
		};
		12D5185F2B7F2F4800F928A3 /* MyStuffUITests */ = {
			isa = PBXNativeTarget;
			buildConfigurationList = 12D518702B7F2F4800F928A3 /* Build configuration list for PBXNativeTarget "MyStuffUITests" */;
			buildPhases = (
				12D5185C2B7F2F4800F928A3 /* Sources */,
				12D5185D2B7F2F4800F928A3 /* Frameworks */,
				12D5185E2B7F2F4800F928A3 /* Resources */,
			);
			buildRules = (
			);
			dependencies = (
				12D518622B7F2F4800F928A3 /* PBXTargetDependency */,
			);
			name = MyStuffUITests;
			productName = MyStuffUITests;
			productReference = 12D518602B7F2F4800F928A3 /* MyStuffUITests.xctest */;
			productType = "com.apple.product-type.bundle.ui-testing";
		};
/* End PBXNativeTarget section */

/* Begin PBXProject section */
		12D518382B7F2F4200F928A3 /* Project object */ = {
			isa = PBXProject;
			attributes = {
				BuildIndependentTargetsInParallel = 1;
				LastSwiftUpdateCheck = 1520;
				LastUpgradeCheck = 1520;
				TargetAttributes = {
					12D5183F2B7F2F4200F928A3 = {
						CreatedOnToolsVersion = 15.2;
					};
					12D518552B7F2F4800F928A3 = {
						CreatedOnToolsVersion = 15.2;
						TestTargetID = 12D5183F2B7F2F4200F928A3;
					};
					12D5185F2B7F2F4800F928A3 = {
						CreatedOnToolsVersion = 15.2;
						TestTargetID = 12D5183F2B7F2F4200F928A3;
					};
				};
			};
			buildConfigurationList = 12D5183B2B7F2F4200F928A3 /* Build configuration list for PBXProject "MyStuff" */;
			compatibilityVersion = "Xcode 14.0";
			developmentRegion = en;
			hasScannedForEncodings = 0;
			knownRegions = (
				en,
				Base,
			);
			mainGroup = 12D518372B7F2F4200F928A3;
			productRefGroup = 12D518412B7F2F4200F928A3 /* Products */;
			projectDirPath = "";
			projectRoot = "";
			targets = (
				12D5183F2B7F2F4200F928A3 /* MyStuff */,
				12D518552B7F2F4800F928A3 /* MyStuffTests */,
				12D5185F2B7F2F4800F928A3 /* MyStuffUITests */,
			);
		};
/* End PBXProject section */

/* Begin PBXResourcesBuildPhase section */
		12D5183E2B7F2F4200F928A3 /* Resources */ = {
			isa = PBXResourcesBuildPhase;
			buildActionMask = 2147483647;
			files = (
				12D518502B7F2F4700F928A3 /* LaunchScreen.storyboard in Resources */,
				12D5184D2B7F2F4700F928A3 /* Assets.xcassets in Resources */,
				12D5184B2B7F2F4200F928A3 /* Main.storyboard in Resources */,
			);
			runOnlyForDeploymentPostprocessing = 0;
		};
		12D518542B7F2F4800F928A3 /* Resources */ = {
			isa = PBXResourcesBuildPhase;
			buildActionMask = 2147483647;
			files = (
			);
			runOnlyForDeploymentPostprocessing = 0;
		};
		12D5185E2B7F2F4800F928A3 /* Resources */ = {
			isa = PBXResourcesBuildPhase;
			buildActionMask = 2147483647;
			files = (
			);
			runOnlyForDeploymentPostprocessing = 0;
		};
/* End PBXResourcesBuildPhase section */

/* Begin PBXSourcesBuildPhase section */
		12D5183C2B7F2F4200F928A3 /* Sources */ = {
			isa = PBXSourcesBuildPhase;
			buildActionMask = 2147483647;
			files = (
				12D518482B7F2F4200F928A3 /* ViewController.swift in Sources */,
				12D518442B7F2F4200F928A3 /* AppDelegate.swift in Sources */,
				12D518462B7F2F4200F928A3 /* SceneDelegate.swift in Sources */,
			);
			runOnlyForDeploymentPostprocessing = 0;
		};
		12D518522B7F2F4800F928A3 /* Sources */ = {
			isa = PBXSourcesBuildPhase;
			buildActionMask = 2147483647;
			files = (
				12D5185B2B7F2F4800F928A3 /* MyStuffTests.swift in Sources */,
			);
			runOnlyForDeploymentPostprocessing = 0;
		};
		12D5185C2B7F2F4800F928A3 /* Sources */ = {
			isa = PBXSourcesBuildPhase;
			buildActionMask = 2147483647;
			files = (
				12D518652B7F2F4800F928A3 /* MyStuffUITests.swift in Sources */,
				12D518672B7F2F4800F928A3 /* MyStuffUITestsLaunchTests.swift in Sources */,
			);
			runOnlyForDeploymentPostprocessing = 0;
		};
/* End PBXSourcesBuildPhase section */

/* Begin PBXTargetDependency section */
		12D518582B7F2F4800F928A3 /* PBXTargetDependency */ = {
			isa = PBXTargetDependency;
			target = 12D5183F2B7F2F4200F928A3 /* MyStuff */;
			targetProxy = 12D518572B7F2F4800F928A3 /* PBXContainerItemProxy */;
		};
		12D518622B7F2F4800F928A3 /* PBXTargetDependency */ = {
			isa = PBXTargetDependency;
			target = 12D5183F2B7F2F4200F928A3 /* MyStuff */;
			targetProxy = 12D518612B7F2F4800F928A3 /* PBXContainerItemProxy */;
		};
/* End PBXTargetDependency section */

/* Begin PBXVariantGroup section */
		12D518492B7F2F4200F928A3 /* Main.storyboard */ = {
			isa = PBXVariantGroup;
			children = (
				12D5184A2B7F2F4200F928A3 /* Base */,
			);
			name = Main.storyboard;
			sourceTree = "<group>";
		};
		12D5184E2B7F2F4700F928A3 /* LaunchScreen.storyboard */ = {
			isa = PBXVariantGroup;
			children = (
				12D5184F2B7F2F4700F928A3 /* Base */,
			);
			name = LaunchScreen.storyboard;
			sourceTree = "<group>";
		};
/* End PBXVariantGroup section */

/* Begin XCBuildConfiguration section */
		12D518682B7F2F4800F928A3 /* Debug */ = {
			isa = XCBuildConfiguration;
			buildSettings = {
				ALWAYS_SEARCH_USER_PATHS = NO;
				ASSETCATALOG_COMPILER_GENERATE_SWIFT_ASSET_SYMBOL_EXTENSIONS = YES;
				CLANG_ANALYZER_NONNULL = YES;
				CLANG_ANALYZER_NUMBER_OBJECT_CONVERSION = YES_AGGRESSIVE;
				CLANG_CXX_LANGUAGE_STANDARD = "gnu++20";
				CLANG_ENABLE_MODULES = YES;
				CLANG_ENABLE_OBJC_ARC = YES;
				CLANG_ENABLE_OBJC_WEAK = YES;
				CLANG_WARN_BLOCK_CAPTURE_AUTORELEASING = YES;
				CLANG_WARN_BOOL_CONVERSION = YES;
				CLANG_WARN_COMMA = YES;
				CLANG_WARN_CONSTANT_CONVERSION = YES;
				CLANG_WARN_DEPRECATED_OBJC_IMPLEMENTATIONS = YES;
				CLANG_WARN_DIRECT_OBJC_ISA_USAGE = YES_ERROR;
				CLANG_WARN_DOCUMENTATION_COMMENTS = YES;
				CLANG_WARN_EMPTY_BODY = YES;
				CLANG_WARN_ENUM_CONVERSION = YES;
				CLANG_WARN_INFINITE_RECURSION = YES;
				CLANG_WARN_INT_CONVERSION = YES;
				CLANG_WARN_NON_LITERAL_NULL_CONVERSION = YES;
				CLANG_WARN_OBJC_IMPLICIT_RETAIN_SELF = YES;
				CLANG_WARN_OBJC_LITERAL_CONVERSION = YES;
				CLANG_WARN_OBJC_ROOT_CLASS = YES_ERROR;
				CLANG_WARN_QUOTED_INCLUDE_IN_FRAMEWORK_HEADER = YES;
				CLANG_WARN_RANGE_LOOP_ANALYSIS = YES;
				CLANG_WARN_STRICT_PROTOTYPES = YES;
				CLANG_WARN_SUSPICIOUS_MOVE = YES;
				CLANG_WARN_UNGUARDED_AVAILABILITY = YES_AGGRESSIVE;
				CLANG_WARN_UNREACHABLE_CODE = YES;
				CLANG_WARN__DUPLICATE_METHOD_MATCH = YES;
				COPY_PHASE_STRIP = NO;
				DEBUG_INFORMATION_FORMAT = dwarf;
				ENABLE_STRICT_OBJC_MSGSEND = YES;
				ENABLE_TESTABILITY = YES;
				ENABLE_USER_SCRIPT_SANDBOXING = YES;
				GCC_C_LANGUAGE_STANDARD = gnu17;
				GCC_DYNAMIC_NO_PIC = NO;
				GCC_NO_COMMON_BLOCKS = YES;
				GCC_OPTIMIZATION_LEVEL = 0;
				GCC_PREPROCESSOR_DEFINITIONS = (
					"DEBUG=1",
					"$(inherited)",
				);
				GCC_WARN_64_TO_32_BIT_CONVERSION = YES;
				GCC_WARN_ABOUT_RETURN_TYPE = YES_ERROR;
				GCC_WARN_UNDECLARED_SELECTOR = YES;
				GCC_WARN_UNINITIALIZED_AUTOS = YES_AGGRESSIVE;
				GCC_WARN_UNUSED_FUNCTION = YES;
				GCC_WARN_UNUSED_VARIABLE = YES;
				IPHONEOS_DEPLOYMENT_TARGET = 17.2;
				LOCALIZATION_PREFERS_STRING_CATALOGS = YES;
				MTL_ENABLE_DEBUG_INFO = INCLUDE_SOURCE;
				MTL_FAST_MATH = YES;
				ONLY_ACTIVE_ARCH = YES;
				SDKROOT = iphoneos;
				SWIFT_ACTIVE_COMPILATION_CONDITIONS = "DEBUG $(inherited)";
				SWIFT_OPTIMIZATION_LEVEL = "-Onone";
			};
			name = Debug;
		};
		12D518692B7F2F4800F928A3 /* Release */ = {
			isa = XCBuildConfiguration;
			buildSettings = {
				ALWAYS_SEARCH_USER_PATHS = NO;
				ASSETCATALOG_COMPILER_GENERATE_SWIFT_ASSET_SYMBOL_EXTENSIONS = YES;
				CLANG_ANALYZER_NONNULL = YES;
				CLANG_ANALYZER_NUMBER_OBJECT_CONVERSION = YES_AGGRESSIVE;
				CLANG_CXX_LANGUAGE_STANDARD = "gnu++20";
				CLANG_ENABLE_MODULES = YES;
				CLANG_ENABLE_OBJC_ARC = YES;
				CLANG_ENABLE_OBJC_WEAK = YES;
				CLANG_WARN_BLOCK_CAPTURE_AUTORELEASING = YES;
				CLANG_WARN_BOOL_CONVERSION = YES;
				CLANG_WARN_COMMA = YES;
				CLANG_WARN_CONSTANT_CONVERSION = YES;
				CLANG_WARN_DEPRECATED_OBJC_IMPLEMENTATIONS = YES;
				CLANG_WARN_DIRECT_OBJC_ISA_USAGE = YES_ERROR;
				CLANG_WARN_DOCUMENTATION_COMMENTS = YES;
				CLANG_WARN_EMPTY_BODY = YES;
				CLANG_WARN_ENUM_CONVERSION = YES;
				CLANG_WARN_INFINITE_RECURSION = YES;
				CLANG_WARN_INT_CONVERSION = YES;
				CLANG_WARN_NON_LITERAL_NULL_CONVERSION = YES;
				CLANG_WARN_OBJC_IMPLICIT_RETAIN_SELF = YES;
				CLANG_WARN_OBJC_LITERAL_CONVERSION = YES;
				CLANG_WARN_OBJC_ROOT_CLASS = YES_ERROR;
				CLANG_WARN_QUOTED_INCLUDE_IN_FRAMEWORK_HEADER = YES;
				CLANG_WARN_RANGE_LOOP_ANALYSIS = YES;
				CLANG_WARN_STRICT_PROTOTYPES = YES;
				CLANG_WARN_SUSPICIOUS_MOVE = YES;
				CLANG_WARN_UNGUARDED_AVAILABILITY = YES_AGGRESSIVE;
				CLANG_WARN_UNREACHABLE_CODE = YES;
				CLANG_WARN__DUPLICATE_METHOD_MATCH = YES;
				COPY_PHASE_STRIP = NO;
				DEBUG_INFORMATION_FORMAT = "dwarf-with-dsym";
				ENABLE_NS_ASSERTIONS = NO;
				ENABLE_STRICT_OBJC_MSGSEND = YES;
				ENABLE_USER_SCRIPT_SANDBOXING = YES;
				GCC_C_LANGUAGE_STANDARD = gnu17;
				GCC_NO_COMMON_BLOCKS = YES;
				GCC_WARN_64_TO_32_BIT_CONVERSION = YES;
				GCC_WARN_ABOUT_RETURN_TYPE = YES_ERROR;
				GCC_WARN_UNDECLARED_SELECTOR = YES;
				GCC_WARN_UNINITIALIZED_AUTOS = YES_AGGRESSIVE;
				GCC_WARN_UNUSED_FUNCTION = YES;
				GCC_WARN_UNUSED_VARIABLE = YES;
				IPHONEOS_DEPLOYMENT_TARGET = 17.2;
				LOCALIZATION_PREFERS_STRING_CATALOGS = YES;
				MTL_ENABLE_DEBUG_INFO = NO;
				MTL_FAST_MATH = YES;
				SDKROOT = iphoneos;
				SWIFT_COMPILATION_MODE = wholemodule;
				VALIDATE_PRODUCT = YES;
			};
			name = Release;
		};
		12D5186B2B7F2F4800F928A3 /* Debug */ = {
			isa = XCBuildConfiguration;
			buildSettings = {
				ASSETCATALOG_COMPILER_APPICON_NAME = AppIcon;
				ASSETCATALOG_COMPILER_GLOBAL_ACCENT_COLOR_NAME = AccentColor;
				CODE_SIGN_STYLE = Automatic;
				CURRENT_PROJECT_VERSION = 1;
				GENERATE_INFOPLIST_FILE = YES;
				INFOPLIST_FILE = MyStuff/Info.plist;
				INFOPLIST_KEY_UIApplicationSupportsIndirectInputEvents = YES;
				INFOPLIST_KEY_UILaunchStoryboardName = LaunchScreen;
				INFOPLIST_KEY_UIMainStoryboardFile = Main;
				INFOPLIST_KEY_UISupportedInterfaceOrientations_iPad = "UIInterfaceOrientationPortrait UIInterfaceOrientationPortraitUpsideDown UIInterfaceOrientationLandscapeLeft UIInterfaceOrientationLandscapeRight";
				INFOPLIST_KEY_UISupportedInterfaceOrientations_iPhone = "UIInterfaceOrientationPortrait UIInterfaceOrientationLandscapeLeft UIInterfaceOrientationLandscapeRight";
				LD_RUNPATH_SEARCH_PATHS = (
					"$(inherited)",
					"@executable_path/Frameworks",
				);
				MARKETING_VERSION = 1.0;
				PRODUCT_BUNDLE_IDENTIFIER = PavelAbramov.MyStuff;
				PRODUCT_NAME = "$(TARGET_NAME)";
				SWIFT_EMIT_LOC_STRINGS = YES;
				SWIFT_VERSION = 5.0;
				TARGETED_DEVICE_FAMILY = "1,2";
			};
			name = Debug;
		};
		12D5186C2B7F2F4800F928A3 /* Release */ = {
			isa = XCBuildConfiguration;
			buildSettings = {
				ASSETCATALOG_COMPILER_APPICON_NAME = AppIcon;
				ASSETCATALOG_COMPILER_GLOBAL_ACCENT_COLOR_NAME = AccentColor;
				CODE_SIGN_STYLE = Automatic;
				CURRENT_PROJECT_VERSION = 1;
				GENERATE_INFOPLIST_FILE = YES;
				INFOPLIST_FILE = MyStuff/Info.plist;
				INFOPLIST_KEY_UIApplicationSupportsIndirectInputEvents = YES;
				INFOPLIST_KEY_UILaunchStoryboardName = LaunchScreen;
				INFOPLIST_KEY_UIMainStoryboardFile = Main;
				INFOPLIST_KEY_UISupportedInterfaceOrientations_iPad = "UIInterfaceOrientationPortrait UIInterfaceOrientationPortraitUpsideDown UIInterfaceOrientationLandscapeLeft UIInterfaceOrientationLandscapeRight";
				INFOPLIST_KEY_UISupportedInterfaceOrientations_iPhone = "UIInterfaceOrientationPortrait UIInterfaceOrientationLandscapeLeft UIInterfaceOrientationLandscapeRight";
				LD_RUNPATH_SEARCH_PATHS = (
					"$(inherited)",
					"@executable_path/Frameworks",
				);
				MARKETING_VERSION = 1.0;
				PRODUCT_BUNDLE_IDENTIFIER = PavelAbramov.MyStuff;
				PRODUCT_NAME = "$(TARGET_NAME)";
				SWIFT_EMIT_LOC_STRINGS = YES;
				SWIFT_VERSION = 5.0;
				TARGETED_DEVICE_FAMILY = "1,2";
			};
			name = Release;
		};
		12D5186E2B7F2F4800F928A3 /* Debug */ = {
			isa = XCBuildConfiguration;
			buildSettings = {
				ALWAYS_EMBED_SWIFT_STANDARD_LIBRARIES = YES;
				BUNDLE_LOADER = "$(TEST_HOST)";
				CODE_SIGN_STYLE = Automatic;
				CURRENT_PROJECT_VERSION = 1;
				GENERATE_INFOPLIST_FILE = YES;
				IPHONEOS_DEPLOYMENT_TARGET = 17.2;
				MARKETING_VERSION = 1.0;
				PRODUCT_BUNDLE_IDENTIFIER = PavelAbramov.MyStuffTests;
				PRODUCT_NAME = "$(TARGET_NAME)";
				SWIFT_EMIT_LOC_STRINGS = NO;
				SWIFT_VERSION = 5.0;
				TARGETED_DEVICE_FAMILY = "1,2";
				TEST_HOST = "$(BUILT_PRODUCTS_DIR)/MyStuff.app/$(BUNDLE_EXECUTABLE_FOLDER_PATH)/MyStuff";
			};
			name = Debug;
		};
		12D5186F2B7F2F4800F928A3 /* Release */ = {
			isa = XCBuildConfiguration;
			buildSettings = {
				ALWAYS_EMBED_SWIFT_STANDARD_LIBRARIES = YES;
				BUNDLE_LOADER = "$(TEST_HOST)";
				CODE_SIGN_STYLE = Automatic;
				CURRENT_PROJECT_VERSION = 1;
				GENERATE_INFOPLIST_FILE = YES;
				IPHONEOS_DEPLOYMENT_TARGET = 17.2;
				MARKETING_VERSION = 1.0;
				PRODUCT_BUNDLE_IDENTIFIER = PavelAbramov.MyStuffTests;
				PRODUCT_NAME = "$(TARGET_NAME)";
				SWIFT_EMIT_LOC_STRINGS = NO;
				SWIFT_VERSION = 5.0;
				TARGETED_DEVICE_FAMILY = "1,2";
				TEST_HOST = "$(BUILT_PRODUCTS_DIR)/MyStuff.app/$(BUNDLE_EXECUTABLE_FOLDER_PATH)/MyStuff";
			};
			name = Release;
		};
		12D518712B7F2F4800F928A3 /* Debug */ = {
			isa = XCBuildConfiguration;
			buildSettings = {
				ALWAYS_EMBED_SWIFT_STANDARD_LIBRARIES = YES;
				CODE_SIGN_STYLE = Automatic;
				CURRENT_PROJECT_VERSION = 1;
				GENERATE_INFOPLIST_FILE = YES;
				MARKETING_VERSION = 1.0;
				PRODUCT_BUNDLE_IDENTIFIER = PavelAbramov.MyStuffUITests;
				PRODUCT_NAME = "$(TARGET_NAME)";
				SWIFT_EMIT_LOC_STRINGS = NO;
				SWIFT_VERSION = 5.0;
				TARGETED_DEVICE_FAMILY = "1,2";
				TEST_TARGET_NAME = MyStuff;
			};
			name = Debug;
		};
		12D518722B7F2F4800F928A3 /* Release */ = {
			isa = XCBuildConfiguration;
			buildSettings = {
				ALWAYS_EMBED_SWIFT_STANDARD_LIBRARIES = YES;
				CODE_SIGN_STYLE = Automatic;
				CURRENT_PROJECT_VERSION = 1;
				GENERATE_INFOPLIST_FILE = YES;
				MARKETING_VERSION = 1.0;
				PRODUCT_BUNDLE_IDENTIFIER = PavelAbramov.MyStuffUITests;
				PRODUCT_NAME = "$(TARGET_NAME)";
				SWIFT_EMIT_LOC_STRINGS = NO;
				SWIFT_VERSION = 5.0;
				TARGETED_DEVICE_FAMILY = "1,2";
				TEST_TARGET_NAME = MyStuff;
			};
			name = Release;
		};
/* End XCBuildConfiguration section */

/* Begin XCConfigurationList section */
		12D5183B2B7F2F4200F928A3 /* Build configuration list for PBXProject "MyStuff" */ = {
			isa = XCConfigurationList;
			buildConfigurations = (
				12D518682B7F2F4800F928A3 /* Debug */,
				12D518692B7F2F4800F928A3 /* Release */,
			);
			defaultConfigurationIsVisible = 0;
			defaultConfigurationName = Release;
		};
		12D5186A2B7F2F4800F928A3 /* Build configuration list for PBXNativeTarget "MyStuff" */ = {
			isa = XCConfigurationList;
			buildConfigurations = (
				12D5186B2B7F2F4800F928A3 /* Debug */,
				12D5186C2B7F2F4800F928A3 /* Release */,
			);
			defaultConfigurationIsVisible = 0;
			defaultConfigurationName = Release;
		};
		12D5186D2B7F2F4800F928A3 /* Build configuration list for PBXNativeTarget "MyStuffTests" */ = {
			isa = XCConfigurationList;
			buildConfigurations = (
				12D5186E2B7F2F4800F928A3 /* Debug */,
				12D5186F2B7F2F4800F928A3 /* Release */,
			);
			defaultConfigurationIsVisible = 0;
			defaultConfigurationName = Release;
		};
		12D518702B7F2F4800F928A3 /* Build configuration list for PBXNativeTarget "MyStuffUITests" */ = {
			isa = XCConfigurationList;
			buildConfigurations = (
				12D518712B7F2F4800F928A3 /* Debug */,
				12D518722B7F2F4800F928A3 /* Release */,
			);
			defaultConfigurationIsVisible = 0;
			defaultConfigurationName = Release;
		};
/* End XCConfigurationList section */
	};
	rootObject = 12D518382B7F2F4200F928A3 /* Project object */;
}
