// !$*UTF8*$!
{
	archiveVersion = 1;
	classes = {
	};
	objectVersion = 56;
	objects = {

/* Begin PBXBuildFile section */
		12D518442B7F2F4200F928A3 /* AppDelegate.swift in Sources */ = {isa = PBXBuildFile; fileRef = 12D518432B7F2F4200F928A3 /* AppDelegate.swift */; };
		12D518462B7F2F4200F928A3 /* SceneDelegate.swift in Sources */ = {isa = PBXBuildFile; fileRef = 12D518452B7F2F4200F928A3 /* SceneDelegate.swift */; };
		12D518482B7F2F4200F928A3 /* MainViewController.swift in Sources */ = {isa = PBXBuildFile; fileRef = 12D518472B7F2F4200F928A3 /* MainViewController.swift */; };
		12D5184D2B7F2F4700F928A3 /* Assets.xcassets in Resources */ = {isa = PBXBuildFile; fileRef = 12D5184C2B7F2F4700F928A3 /* Assets.xcassets */; };
		12D518502B7F2F4700F928A3 /* LaunchScreen.storyboard in Resources */ = {isa = PBXBuildFile; fileRef = 12D5184E2B7F2F4700F928A3 /* LaunchScreen.storyboard */; };
		12D5185B2B7F2F4800F928A3 /* MyStuffTests.swift in Sources */ = {isa = PBXBuildFile; fileRef = 12D5185A2B7F2F4800F928A3 /* MyStuffTests.swift */; };
		12D518652B7F2F4800F928A3 /* MyStuffUITests.swift in Sources */ = {isa = PBXBuildFile; fileRef = 12D518642B7F2F4800F928A3 /* MyStuffUITests.swift */; };
		12D518672B7F2F4800F928A3 /* MyStuffUITestsLaunchTests.swift in Sources */ = {isa = PBXBuildFile; fileRef = 12D518662B7F2F4800F928A3 /* MyStuffUITestsLaunchTests.swift */; };
		187210572B846F9A002B021A /* UIColor + Extensions.swift in Sources */ = {isa = PBXBuildFile; fileRef = 187210562B846F9A002B021A /* UIColor + Extensions.swift */; };
		1872105E2B8470FB002B021A /* UIFont + Extencions.swift in Sources */ = {isa = PBXBuildFile; fileRef = 1872105D2B8470FB002B021A /* UIFont + Extencions.swift */; };
		187210602B8471CA002B021A /* UIView + Extencions.swift in Sources */ = {isa = PBXBuildFile; fileRef = 1872105F2B8471CA002B021A /* UIView + Extencions.swift */; };
		187210622B8472A8002B021A /* CalendarView.swift in Sources */ = {isa = PBXBuildFile; fileRef = 187210612B8472A8002B021A /* CalendarView.swift */; };
		187210652B847305002B021A /* CalendarCollectionViewCell.swift in Sources */ = {isa = PBXBuildFile; fileRef = 187210642B847305002B021A /* CalendarCollectionViewCell.swift */; };
		187210672B847383002B021A /* CalendarCollectionView.swift in Sources */ = {isa = PBXBuildFile; fileRef = 187210662B847383002B021A /* CalendarCollectionView.swift */; };
		187210692B8473C4002B021A /* Date + Extancions.swift in Sources */ = {isa = PBXBuildFile; fileRef = 187210682B8473C4002B021A /* Date + Extancions.swift */; };
		1872106B2B84740E002B021A /* WeatherView.swift in Sources */ = {isa = PBXBuildFile; fileRef = 1872106A2B84740E002B021A /* WeatherView.swift */; };
		1872106D2B847451002B021A /* WeatherModel.swift in Sources */ = {isa = PBXBuildFile; fileRef = 1872106C2B847451002B021A /* WeatherModel.swift */; };
		187210702B847B92002B021A /* NetworkDataFetch.swift in Sources */ = {isa = PBXBuildFile; fileRef = 1872106F2B847B92002B021A /* NetworkDataFetch.swift */; };
		187210722B847BC0002B021A /* NetworkRequest.swift in Sources */ = {isa = PBXBuildFile; fileRef = 187210712B847BC0002B021A /* NetworkRequest.swift */; };
		187210742B847BEB002B021A /* NetworkImageRequest.swift in Sources */ = {isa = PBXBuildFile; fileRef = 187210732B847BEB002B021A /* NetworkImageRequest.swift */; };
		187210762B847C3D002B021A /* UIViewController + Extencions.swift in Sources */ = {isa = PBXBuildFile; fileRef = 187210752B847C3D002B021A /* UIViewController + Extencions.swift */; };
/* End PBXBuildFile section */

/* Begin PBXContainerItemProxy section */
		12D518572B7F2F4800F928A3 /* PBXContainerItemProxy */ = {
			isa = PBXContainerItemProxy;
			containerPortal = 12D518382B7F2F4200F928A3 /* Project object */;
			proxyType = 1;
			remoteGlobalIDString = 12D5183F2B7F2F4200F928A3;
			remoteInfo = MyStuff;
		};
		12D518612B7F2F4800F928A3 /* PBXContainerItemProxy */ = {
			isa = PBXContainerItemProxy;
			containerPortal = 12D518382B7F2F4200F928A3 /* Project object */;
			proxyType = 1;
			remoteGlobalIDString = 12D5183F2B7F2F4200F928A3;
			remoteInfo = MyStuff;
		};
/* End PBXContainerItemProxy section */

/* Begin PBXFileReference section */
		12D518402B7F2F4200F928A3 /* MyStuff.app */ = {isa = PBXFileReference; explicitFileType = wrapper.application; includeInIndex = 0; path = MyStuff.app; sourceTree = BUILT_PRODUCTS_DIR; };
		12D518432B7F2F4200F928A3 /* AppDelegate.swift */ = {isa = PBXFileReference; lastKnownFileType = sourcecode.swift; path = AppDelegate.swift; sourceTree = "<group>"; };
		12D518452B7F2F4200F928A3 /* SceneDelegate.swift */ = {isa = PBXFileReference; lastKnownFileType = sourcecode.swift; path = SceneDelegate.swift; sourceTree = "<group>"; };
		12D518472B7F2F4200F928A3 /* MainViewController.swift */ = {isa = PBXFileReference; lastKnownFileType = sourcecode.swift; path = MainViewController.swift; sourceTree = "<group>"; };
		12D5184C2B7F2F4700F928A3 /* Assets.xcassets */ = {isa = PBXFileReference; lastKnownFileType = folder.assetcatalog; path = Assets.xcassets; sourceTree = "<group>"; };
		12D5184F2B7F2F4700F928A3 /* Base */ = {isa = PBXFileReference; lastKnownFileType = file.storyboard; name = Base; path = Base.lproj/LaunchScreen.storyboard; sourceTree = "<group>"; };
		12D518512B7F2F4700F928A3 /* Info.plist */ = {isa = PBXFileReference; lastKnownFileType = text.plist.xml; path = Info.plist; sourceTree = "<group>"; };
		12D518562B7F2F4800F928A3 /* MyStuffTests.xctest */ = {isa = PBXFileReference; explicitFileType = wrapper.cfbundle; includeInIndex = 0; path = MyStuffTests.xctest; sourceTree = BUILT_PRODUCTS_DIR; };
		12D5185A2B7F2F4800F928A3 /* MyStuffTests.swift */ = {isa = PBXFileReference; lastKnownFileType = sourcecode.swift; path = MyStuffTests.swift; sourceTree = "<group>"; };
		12D518602B7F2F4800F928A3 /* MyStuffUITests.xctest */ = {isa = PBXFileReference; explicitFileType = wrapper.cfbundle; includeInIndex = 0; path = MyStuffUITests.xctest; sourceTree = BUILT_PRODUCTS_DIR; };
		12D518642B7F2F4800F928A3 /* MyStuffUITests.swift */ = {isa = PBXFileReference; lastKnownFileType = sourcecode.swift; path = MyStuffUITests.swift; sourceTree = "<group>"; };
		12D518662B7F2F4800F928A3 /* MyStuffUITestsLaunchTests.swift */ = {isa = PBXFileReference; lastKnownFileType = sourcecode.swift; path = MyStuffUITestsLaunchTests.swift; sourceTree = "<group>"; };
		187210512B846EFE002B021A /* Roboto-Bold.ttf */ = {isa = PBXFileReference; lastKnownFileType = file; name = "Roboto-Bold.ttf"; path = "../../../WorkoutApp/WorkoutApp/Roboto-Bold.ttf"; sourceTree = "<group>"; };
		187210522B846EFE002B021A /* Roboto-Medium.ttf */ = {isa = PBXFileReference; lastKnownFileType = file; name = "Roboto-Medium.ttf"; path = "../../../WorkoutApp/WorkoutApp/Roboto-Medium.ttf"; sourceTree = "<group>"; };
		187210562B846F9A002B021A /* UIColor + Extensions.swift */ = {isa = PBXFileReference; lastKnownFileType = sourcecode.swift; path = "UIColor + Extensions.swift"; sourceTree = "<group>"; };
		1872105D2B8470FB002B021A /* UIFont + Extencions.swift */ = {isa = PBXFileReference; lastKnownFileType = sourcecode.swift; path = "UIFont + Extencions.swift"; sourceTree = "<group>"; };
		1872105F2B8471CA002B021A /* UIView + Extencions.swift */ = {isa = PBXFileReference; lastKnownFileType = sourcecode.swift; path = "UIView + Extencions.swift"; sourceTree = "<group>"; };
		187210612B8472A8002B021A /* CalendarView.swift */ = {isa = PBXFileReference; lastKnownFileType = sourcecode.swift; path = CalendarView.swift; sourceTree = "<group>"; };
		187210642B847305002B021A /* CalendarCollectionViewCell.swift */ = {isa = PBXFileReference; lastKnownFileType = sourcecode.swift; path = CalendarCollectionViewCell.swift; sourceTree = "<group>"; };
		187210662B847383002B021A /* CalendarCollectionView.swift */ = {isa = PBXFileReference; lastKnownFileType = sourcecode.swift; path = CalendarCollectionView.swift; sourceTree = "<group>"; };
		187210682B8473C4002B021A /* Date + Extancions.swift */ = {isa = PBXFileReference; lastKnownFileType = sourcecode.swift; path = "Date + Extancions.swift"; sourceTree = "<group>"; };
		1872106A2B84740E002B021A /* WeatherView.swift */ = {isa = PBXFileReference; lastKnownFileType = sourcecode.swift; path = WeatherView.swift; sourceTree = "<group>"; };
		1872106C2B847451002B021A /* WeatherModel.swift */ = {isa = PBXFileReference; lastKnownFileType = sourcecode.swift; path = WeatherModel.swift; sourceTree = "<group>"; };
		1872106F2B847B92002B021A /* NetworkDataFetch.swift */ = {isa = PBXFileReference; lastKnownFileType = sourcecode.swift; path = NetworkDataFetch.swift; sourceTree = "<group>"; };
		187210712B847BC0002B021A /* NetworkRequest.swift */ = {isa = PBXFileReference; lastKnownFileType = sourcecode.swift; path = NetworkRequest.swift; sourceTree = "<group>"; };
		187210732B847BEB002B021A /* NetworkImageRequest.swift */ = {isa = PBXFileReference; lastKnownFileType = sourcecode.swift; path = NetworkImageRequest.swift; sourceTree = "<group>"; };
		187210752B847C3D002B021A /* UIViewController + Extencions.swift */ = {isa = PBXFileReference; lastKnownFileType = sourcecode.swift; path = "UIViewController + Extencions.swift"; sourceTree = "<group>"; };
/* End PBXFileReference section */

/* Begin PBXFrameworksBuildPhase section */
		12D5183D2B7F2F4200F928A3 /* Frameworks */ = {
			isa = PBXFrameworksBuildPhase;
			buildActionMask = 2147483647;
			files = (
			);
			runOnlyForDeploymentPostprocessing = 0;
		};
		12D518532B7F2F4800F928A3 /* Frameworks */ = {
			isa = PBXFrameworksBuildPhase;
			buildActionMask = 2147483647;
			files = (
			);
			runOnlyForDeploymentPostprocessing = 0;
		};
		12D5185D2B7F2F4800F928A3 /* Frameworks */ = {
			isa = PBXFrameworksBuildPhase;
			buildActionMask = 2147483647;
			files = (
			);
			runOnlyForDeploymentPostprocessing = 0;
		};
/* End PBXFrameworksBuildPhase section */

/* Begin PBXGroup section */
		12D518372B7F2F4200F928A3 = {
			isa = PBXGroup;
			children = (
				12D518422B7F2F4200F928A3 /* MyStuff */,
				12D518592B7F2F4800F928A3 /* MyStuffTests */,
				12D518632B7F2F4800F928A3 /* MyStuffUITests */,
				12D518412B7F2F4200F928A3 /* Products */,
			);
			sourceTree = "<group>";
		};
		12D518412B7F2F4200F928A3 /* Products */ = {
			isa = PBXGroup;
			children = (
				12D518402B7F2F4200F928A3 /* MyStuff.app */,
				12D518562B7F2F4800F928A3 /* MyStuffTests.xctest */,
				12D518602B7F2F4800F928A3 /* MyStuffUITests.xctest */,
			);
			name = Products;
			sourceTree = "<group>";
		};
		12D518422B7F2F4200F928A3 /* MyStuff */ = {
			isa = PBXGroup;
			children = (
				1872106E2B847B70002B021A /* Network */,
				187210582B846FD0002B021A /* Applications */,
				187210592B847015002B021A /* MainModule */,
				1872104F2B846E39002B021A /* SupportingFiles */,
				187210532B846F4C002B021A /* Extancions */,
			);
			path = MyStuff;
			sourceTree = "<group>";
		};
		12D518592B7F2F4800F928A3 /* MyStuffTests */ = {
			isa = PBXGroup;
			children = (
				12D5185A2B7F2F4800F928A3 /* MyStuffTests.swift */,
			);
			path = MyStuffTests;
			sourceTree = "<group>";
		};
		12D518632B7F2F4800F928A3 /* MyStuffUITests */ = {
			isa = PBXGroup;
			children = (
				12D518642B7F2F4800F928A3 /* MyStuffUITests.swift */,
				12D518662B7F2F4800F928A3 /* MyStuffUITestsLaunchTests.swift */,
			);
			path = MyStuffUITests;
			sourceTree = "<group>";
		};
		1872104F2B846E39002B021A /* SupportingFiles */ = {
			isa = PBXGroup;
			children = (
				187210502B846ECE002B021A /* Fonts */,
				12D5184C2B7F2F4700F928A3 /* Assets.xcassets */,
				12D5184E2B7F2F4700F928A3 /* LaunchScreen.storyboard */,
				12D518512B7F2F4700F928A3 /* Info.plist */,
			);
			path = SupportingFiles;
			sourceTree = "<group>";
		};
		187210502B846ECE002B021A /* Fonts */ = {
			isa = PBXGroup;
			children = (
				187210512B846EFE002B021A /* Roboto-Bold.ttf */,
				187210522B846EFE002B021A /* Roboto-Medium.ttf */,
			);
			path = Fonts;
			sourceTree = "<group>";
		};
		187210532B846F4C002B021A /* Extancions */ = {
			isa = PBXGroup;
			children = (
				187210552B846F69002B021A /* UIKit */,
				187210542B846F5B002B021A /* Components */,
			);
			path = Extancions;
			sourceTree = "<group>";
		};
		187210542B846F5B002B021A /* Components */ = {
			isa = PBXGroup;
			children = (
				187210682B8473C4002B021A /* Date + Extancions.swift */,
			);
			path = Components;
			sourceTree = "<group>";
		};
		187210552B846F69002B021A /* UIKit */ = {
			isa = PBXGroup;
			children = (
				187210562B846F9A002B021A /* UIColor + Extensions.swift */,
				1872105D2B8470FB002B021A /* UIFont + Extencions.swift */,
				1872105F2B8471CA002B021A /* UIView + Extencions.swift */,
				187210752B847C3D002B021A /* UIViewController + Extencions.swift */,
			);
			path = UIKit;
			sourceTree = "<group>";
		};
		187210582B846FD0002B021A /* Applications */ = {
			isa = PBXGroup;
			children = (
				12D518432B7F2F4200F928A3 /* AppDelegate.swift */,
				12D518452B7F2F4200F928A3 /* SceneDelegate.swift */,
			);
			path = Applications;
			sourceTree = "<group>";
		};
		187210592B847015002B021A /* MainModule */ = {
			isa = PBXGroup;
			children = (
				1872105C2B847040002B021A /* Controllers */,
				1872105B2B84702F002B021A /* Views */,
				1872105A2B847026002B021A /* Models */,
			);
			path = MainModule;
			sourceTree = "<group>";
		};
		1872105A2B847026002B021A /* Models */ = {
			isa = PBXGroup;
			children = (
				1872106C2B847451002B021A /* WeatherModel.swift */,
			);
			path = Models;
			sourceTree = "<group>";
		};
		1872105B2B84702F002B021A /* Views */ = {
			isa = PBXGroup;
			children = (
				187210632B8472ED002B021A /* Cells */,
				187210612B8472A8002B021A /* CalendarView.swift */,
				187210662B847383002B021A /* CalendarCollectionView.swift */,
				1872106A2B84740E002B021A /* WeatherView.swift */,
			);
			path = Views;
			sourceTree = "<group>";
		};
		1872105C2B847040002B021A /* Controllers */ = {
			isa = PBXGroup;
			children = (
				12D518472B7F2F4200F928A3 /* MainViewController.swift */,
			);
			path = Controllers;
			sourceTree = "<group>";
		};
		187210632B8472ED002B021A /* Cells */ = {
			isa = PBXGroup;
			children = (
				187210642B847305002B021A /* CalendarCollectionViewCell.swift */,
			);
			path = Cells;
			sourceTree = "<group>";
		};
		1872106E2B847B70002B021A /* Network */ = {
			isa = PBXGroup;
			children = (
				1872106F2B847B92002B021A /* NetworkDataFetch.swift */,
				187210712B847BC0002B021A /* NetworkRequest.swift */,
				187210732B847BEB002B021A /* NetworkImageRequest.swift */,
			);
			path = Network;
			sourceTree = "<group>";
		};
/* End PBXGroup section */

/* Begin PBXNativeTarget section */
		12D5183F2B7F2F4200F928A3 /* MyStuff */ = {
			isa = PBXNativeTarget;
			buildConfigurationList = 12D5186A2B7F2F4800F928A3 /* Build configuration list for PBXNativeTarget "MyStuff" */;
			buildPhases = (
				12D5183C2B7F2F4200F928A3 /* Sources */,
				12D5183D2B7F2F4200F928A3 /* Frameworks */,
				12D5183E2B7F2F4200F928A3 /* Resources */,
			);
			buildRules = (
			);
			dependencies = (
			);
			name = MyStuff;
			productName = MyStuff;
			productReference = 12D518402B7F2F4200F928A3 /* MyStuff.app */;
			productType = "com.apple.product-type.application";
		};
		12D518552B7F2F4800F928A3 /* MyStuffTests */ = {
			isa = PBXNativeTarget;
			buildConfigurationList = 12D5186D2B7F2F4800F928A3 /* Build configuration list for PBXNativeTarget "MyStuffTests" */;
			buildPhases = (
				12D518522B7F2F4800F928A3 /* Sources */,
				12D518532B7F2F4800F928A3 /* Frameworks */,
				12D518542B7F2F4800F928A3 /* Resources */,
			);
			buildRules = (
			);
			dependencies = (
				12D518582B7F2F4800F928A3 /* PBXTargetDependency */,
			);
			name = MyStuffTests;
			productName = MyStuffTests;
			productReference = 12D518562B7F2F4800F928A3 /* MyStuffTests.xctest */;
			productType = "com.apple.product-type.bundle.unit-test";
		};
		12D5185F2B7F2F4800F928A3 /* MyStuffUITests */ = {
			isa = PBXNativeTarget;
			buildConfigurationList = 12D518702B7F2F4800F928A3 /* Build configuration list for PBXNativeTarget "MyStuffUITests" */;
			buildPhases = (
				12D5185C2B7F2F4800F928A3 /* Sources */,
				12D5185D2B7F2F4800F928A3 /* Frameworks */,
				12D5185E2B7F2F4800F928A3 /* Resources */,
			);
			buildRules = (
			);
			dependencies = (
				12D518622B7F2F4800F928A3 /* PBXTargetDependency */,
			);
			name = MyStuffUITests;
			productName = MyStuffUITests;
			productReference = 12D518602B7F2F4800F928A3 /* MyStuffUITests.xctest */;
			productType = "com.apple.product-type.bundle.ui-testing";
		};
/* End PBXNativeTarget section */

/* Begin PBXProject section */
		12D518382B7F2F4200F928A3 /* Project object */ = {
			isa = PBXProject;
			attributes = {
				BuildIndependentTargetsInParallel = 1;
				LastSwiftUpdateCheck = 1520;
				LastUpgradeCheck = 1520;
				TargetAttributes = {
					12D5183F2B7F2F4200F928A3 = {
						CreatedOnToolsVersion = 15.2;
					};
					12D518552B7F2F4800F928A3 = {
						CreatedOnToolsVersion = 15.2;
						TestTargetID = 12D5183F2B7F2F4200F928A3;
					};
					12D5185F2B7F2F4800F928A3 = {
						CreatedOnToolsVersion = 15.2;
						TestTargetID = 12D5183F2B7F2F4200F928A3;
					};
				};
			};
			buildConfigurationList = 12D5183B2B7F2F4200F928A3 /* Build configuration list for PBXProject "MyStuff" */;
			compatibilityVersion = "Xcode 14.0";
			developmentRegion = en;
			hasScannedForEncodings = 0;
			knownRegions = (
				en,
				Base,
			);
			mainGroup = 12D518372B7F2F4200F928A3;
			productRefGroup = 12D518412B7F2F4200F928A3 /* Products */;
			projectDirPath = "";
			projectRoot = "";
			targets = (
				12D5183F2B7F2F4200F928A3 /* MyStuff */,
				12D518552B7F2F4800F928A3 /* MyStuffTests */,
				12D5185F2B7F2F4800F928A3 /* MyStuffUITests */,
			);
		};
/* End PBXProject section */

/* Begin PBXResourcesBuildPhase section */
		12D5183E2B7F2F4200F928A3 /* Resources */ = {
			isa = PBXResourcesBuildPhase;
			buildActionMask = 2147483647;
			files = (
				12D518502B7F2F4700F928A3 /* LaunchScreen.storyboard in Resources */,
				12D5184D2B7F2F4700F928A3 /* Assets.xcassets in Resources */,
			);
			runOnlyForDeploymentPostprocessing = 0;
		};
		12D518542B7F2F4800F928A3 /* Resources */ = {
			isa = PBXResourcesBuildPhase;
			buildActionMask = 2147483647;
			files = (
			);
			runOnlyForDeploymentPostprocessing = 0;
		};
		12D5185E2B7F2F4800F928A3 /* Resources */ = {
			isa = PBXResourcesBuildPhase;
			buildActionMask = 2147483647;
			files = (
			);
			runOnlyForDeploymentPostprocessing = 0;
		};
/* End PBXResourcesBuildPhase section */

/* Begin PBXSourcesBuildPhase section */
		12D5183C2B7F2F4200F928A3 /* Sources */ = {
			isa = PBXSourcesBuildPhase;
			buildActionMask = 2147483647;
			files = (
				187210722B847BC0002B021A /* NetworkRequest.swift in Sources */,
				1872106B2B84740E002B021A /* WeatherView.swift in Sources */,
				187210652B847305002B021A /* CalendarCollectionViewCell.swift in Sources */,
				187210602B8471CA002B021A /* UIView + Extencions.swift in Sources */,
				187210622B8472A8002B021A /* CalendarView.swift in Sources */,
				12D518482B7F2F4200F928A3 /* MainViewController.swift in Sources */,
				187210762B847C3D002B021A /* UIViewController + Extencions.swift in Sources */,
				187210672B847383002B021A /* CalendarCollectionView.swift in Sources */,
				1872105E2B8470FB002B021A /* UIFont + Extencions.swift in Sources */,
				187210702B847B92002B021A /* NetworkDataFetch.swift in Sources */,
				187210572B846F9A002B021A /* UIColor + Extensions.swift in Sources */,
				12D518442B7F2F4200F928A3 /* AppDelegate.swift in Sources */,
				12D518462B7F2F4200F928A3 /* SceneDelegate.swift in Sources */,
				1872106D2B847451002B021A /* WeatherModel.swift in Sources */,
				187210692B8473C4002B021A /* Date + Extancions.swift in Sources */,
				187210742B847BEB002B021A /* NetworkImageRequest.swift in Sources */,
			);
			runOnlyForDeploymentPostprocessing = 0;
		};
		12D518522B7F2F4800F928A3 /* Sources */ = {
			isa = PBXSourcesBuildPhase;
			buildActionMask = 2147483647;
			files = (
				12D5185B2B7F2F4800F928A3 /* MyStuffTests.swift in Sources */,
			);
			runOnlyForDeploymentPostprocessing = 0;
		};
		12D5185C2B7F2F4800F928A3 /* Sources */ = {
			isa = PBXSourcesBuildPhase;
			buildActionMask = 2147483647;
			files = (
				12D518652B7F2F4800F928A3 /* MyStuffUITests.swift in Sources */,
				12D518672B7F2F4800F928A3 /* MyStuffUITestsLaunchTests.swift in Sources */,
			);
			runOnlyForDeploymentPostprocessing = 0;
		};
/* End PBXSourcesBuildPhase section */

/* Begin PBXTargetDependency section */
		12D518582B7F2F4800F928A3 /* PBXTargetDependency */ = {
			isa = PBXTargetDependency;
			target = 12D5183F2B7F2F4200F928A3 /* MyStuff */;
			targetProxy = 12D518572B7F2F4800F928A3 /* PBXContainerItemProxy */;
		};
		12D518622B7F2F4800F928A3 /* PBXTargetDependency */ = {
			isa = PBXTargetDependency;
			target = 12D5183F2B7F2F4200F928A3 /* MyStuff */;
			targetProxy = 12D518612B7F2F4800F928A3 /* PBXContainerItemProxy */;
		};
/* End PBXTargetDependency section */

/* Begin PBXVariantGroup section */
		12D5184E2B7F2F4700F928A3 /* LaunchScreen.storyboard */ = {
			isa = PBXVariantGroup;
			children = (
				12D5184F2B7F2F4700F928A3 /* Base */,
			);
			name = LaunchScreen.storyboard;
			sourceTree = "<group>";
		};
/* End PBXVariantGroup section */

/* Begin XCBuildConfiguration section */
		12D518682B7F2F4800F928A3 /* Debug */ = {
			isa = XCBuildConfiguration;
			buildSettings = {
				ALWAYS_SEARCH_USER_PATHS = NO;
				ASSETCATALOG_COMPILER_GENERATE_SWIFT_ASSET_SYMBOL_EXTENSIONS = YES;
				CLANG_ANALYZER_NONNULL = YES;
				CLANG_ANALYZER_NUMBER_OBJECT_CONVERSION = YES_AGGRESSIVE;
				CLANG_CXX_LANGUAGE_STANDARD = "gnu++20";
				CLANG_ENABLE_MODULES = YES;
				CLANG_ENABLE_OBJC_ARC = YES;
				CLANG_ENABLE_OBJC_WEAK = YES;
				CLANG_WARN_BLOCK_CAPTURE_AUTORELEASING = YES;
				CLANG_WARN_BOOL_CONVERSION = YES;
				CLANG_WARN_COMMA = YES;
				CLANG_WARN_CONSTANT_CONVERSION = YES;
				CLANG_WARN_DEPRECATED_OBJC_IMPLEMENTATIONS = YES;
				CLANG_WARN_DIRECT_OBJC_ISA_USAGE = YES_ERROR;
				CLANG_WARN_DOCUMENTATION_COMMENTS = YES;
				CLANG_WARN_EMPTY_BODY = YES;
				CLANG_WARN_ENUM_CONVERSION = YES;
				CLANG_WARN_INFINITE_RECURSION = YES;
				CLANG_WARN_INT_CONVERSION = YES;
				CLANG_WARN_NON_LITERAL_NULL_CONVERSION = YES;
				CLANG_WARN_OBJC_IMPLICIT_RETAIN_SELF = YES;
				CLANG_WARN_OBJC_LITERAL_CONVERSION = YES;
				CLANG_WARN_OBJC_ROOT_CLASS = YES_ERROR;
				CLANG_WARN_QUOTED_INCLUDE_IN_FRAMEWORK_HEADER = YES;
				CLANG_WARN_RANGE_LOOP_ANALYSIS = YES;
				CLANG_WARN_STRICT_PROTOTYPES = YES;
				CLANG_WARN_SUSPICIOUS_MOVE = YES;
				CLANG_WARN_UNGUARDED_AVAILABILITY = YES_AGGRESSIVE;
				CLANG_WARN_UNREACHABLE_CODE = YES;
				CLANG_WARN__DUPLICATE_METHOD_MATCH = YES;
				COPY_PHASE_STRIP = NO;
				DEBUG_INFORMATION_FORMAT = dwarf;
				ENABLE_STRICT_OBJC_MSGSEND = YES;
				ENABLE_TESTABILITY = YES;
				ENABLE_USER_SCRIPT_SANDBOXING = YES;
				GCC_C_LANGUAGE_STANDARD = gnu17;
				GCC_DYNAMIC_NO_PIC = NO;
				GCC_NO_COMMON_BLOCKS = YES;
				GCC_OPTIMIZATION_LEVEL = 0;
				GCC_PREPROCESSOR_DEFINITIONS = (
					"DEBUG=1",
					"$(inherited)",
				);
				GCC_WARN_64_TO_32_BIT_CONVERSION = YES;
				GCC_WARN_ABOUT_RETURN_TYPE = YES_ERROR;
				GCC_WARN_UNDECLARED_SELECTOR = YES;
				GCC_WARN_UNINITIALIZED_AUTOS = YES_AGGRESSIVE;
				GCC_WARN_UNUSED_FUNCTION = YES;
				GCC_WARN_UNUSED_VARIABLE = YES;
				IPHONEOS_DEPLOYMENT_TARGET = 17.2;
				LOCALIZATION_PREFERS_STRING_CATALOGS = YES;
				MTL_ENABLE_DEBUG_INFO = INCLUDE_SOURCE;
				MTL_FAST_MATH = YES;
				ONLY_ACTIVE_ARCH = YES;
				SDKROOT = iphoneos;
				SWIFT_ACTIVE_COMPILATION_CONDITIONS = "DEBUG $(inherited)";
				SWIFT_OPTIMIZATION_LEVEL = "-Onone";
			};
			name = Debug;
		};
		12D518692B7F2F4800F928A3 /* Release */ = {
			isa = XCBuildConfiguration;
			buildSettings = {
				ALWAYS_SEARCH_USER_PATHS = NO;
				ASSETCATALOG_COMPILER_GENERATE_SWIFT_ASSET_SYMBOL_EXTENSIONS = YES;
				CLANG_ANALYZER_NONNULL = YES;
				CLANG_ANALYZER_NUMBER_OBJECT_CONVERSION = YES_AGGRESSIVE;
				CLANG_CXX_LANGUAGE_STANDARD = "gnu++20";
				CLANG_ENABLE_MODULES = YES;
				CLANG_ENABLE_OBJC_ARC = YES;
				CLANG_ENABLE_OBJC_WEAK = YES;
				CLANG_WARN_BLOCK_CAPTURE_AUTORELEASING = YES;
				CLANG_WARN_BOOL_CONVERSION = YES;
				CLANG_WARN_COMMA = YES;
				CLANG_WARN_CONSTANT_CONVERSION = YES;
				CLANG_WARN_DEPRECATED_OBJC_IMPLEMENTATIONS = YES;
				CLANG_WARN_DIRECT_OBJC_ISA_USAGE = YES_ERROR;
				CLANG_WARN_DOCUMENTATION_COMMENTS = YES;
				CLANG_WARN_EMPTY_BODY = YES;
				CLANG_WARN_ENUM_CONVERSION = YES;
				CLANG_WARN_INFINITE_RECURSION = YES;
				CLANG_WARN_INT_CONVERSION = YES;
				CLANG_WARN_NON_LITERAL_NULL_CONVERSION = YES;
				CLANG_WARN_OBJC_IMPLICIT_RETAIN_SELF = YES;
				CLANG_WARN_OBJC_LITERAL_CONVERSION = YES;
				CLANG_WARN_OBJC_ROOT_CLASS = YES_ERROR;
				CLANG_WARN_QUOTED_INCLUDE_IN_FRAMEWORK_HEADER = YES;
				CLANG_WARN_RANGE_LOOP_ANALYSIS = YES;
				CLANG_WARN_STRICT_PROTOTYPES = YES;
				CLANG_WARN_SUSPICIOUS_MOVE = YES;
				CLANG_WARN_UNGUARDED_AVAILABILITY = YES_AGGRESSIVE;
				CLANG_WARN_UNREACHABLE_CODE = YES;
				CLANG_WARN__DUPLICATE_METHOD_MATCH = YES;
				COPY_PHASE_STRIP = NO;
				DEBUG_INFORMATION_FORMAT = "dwarf-with-dsym";
				ENABLE_NS_ASSERTIONS = NO;
				ENABLE_STRICT_OBJC_MSGSEND = YES;
				ENABLE_USER_SCRIPT_SANDBOXING = YES;
				GCC_C_LANGUAGE_STANDARD = gnu17;
				GCC_NO_COMMON_BLOCKS = YES;
				GCC_WARN_64_TO_32_BIT_CONVERSION = YES;
				GCC_WARN_ABOUT_RETURN_TYPE = YES_ERROR;
				GCC_WARN_UNDECLARED_SELECTOR = YES;
				GCC_WARN_UNINITIALIZED_AUTOS = YES_AGGRESSIVE;
				GCC_WARN_UNUSED_FUNCTION = YES;
				GCC_WARN_UNUSED_VARIABLE = YES;
				IPHONEOS_DEPLOYMENT_TARGET = 17.2;
				LOCALIZATION_PREFERS_STRING_CATALOGS = YES;
				MTL_ENABLE_DEBUG_INFO = NO;
				MTL_FAST_MATH = YES;
				SDKROOT = iphoneos;
				SWIFT_COMPILATION_MODE = wholemodule;
				VALIDATE_PRODUCT = YES;
			};
			name = Release;
		};
		12D5186B2B7F2F4800F928A3 /* Debug */ = {
			isa = XCBuildConfiguration;
			buildSettings = {
				ASSETCATALOG_COMPILER_APPICON_NAME = AppIcon;
				ASSETCATALOG_COMPILER_GLOBAL_ACCENT_COLOR_NAME = AccentColor;
				CODE_SIGN_STYLE = Automatic;
				CURRENT_PROJECT_VERSION = 1;
				GENERATE_INFOPLIST_FILE = YES;
				INFOPLIST_FILE = MyStuff/SupportingFiles/Info.plist;
				INFOPLIST_KEY_UIApplicationSupportsIndirectInputEvents = YES;
				INFOPLIST_KEY_UILaunchStoryboardName = LaunchScreen;
				INFOPLIST_KEY_UIMainStoryboardFile = "";
				INFOPLIST_KEY_UISupportedInterfaceOrientations = "UIInterfaceOrientationLandscapeLeft UIInterfaceOrientationLandscapeRight UIInterfaceOrientationPortrait";
				INFOPLIST_KEY_UISupportedInterfaceOrientations_iPad = "UIInterfaceOrientationLandscapeLeft UIInterfaceOrientationLandscapeRight UIInterfaceOrientationPortrait UIInterfaceOrientationPortraitUpsideDown";
				IPHONEOS_DEPLOYMENT_TARGET = 13.0;
				LD_RUNPATH_SEARCH_PATHS = (
					"$(inherited)",
					"@executable_path/Frameworks",
				);
				MARKETING_VERSION = 1.0;
				PRODUCT_BUNDLE_IDENTIFIER = PavelAbramov.MyStuff;
				PRODUCT_NAME = "$(TARGET_NAME)";
				SWIFT_EMIT_LOC_STRINGS = YES;
				SWIFT_VERSION = 5.0;
				TARGETED_DEVICE_FAMILY = "1,2";
			};
			name = Debug;
		};
		12D5186C2B7F2F4800F928A3 /* Release */ = {
			isa = XCBuildConfiguration;
			buildSettings = {
				ASSETCATALOG_COMPILER_APPICON_NAME = AppIcon;
				ASSETCATALOG_COMPILER_GLOBAL_ACCENT_COLOR_NAME = AccentColor;
				CODE_SIGN_STYLE = Automatic;
				CURRENT_PROJECT_VERSION = 1;
				GENERATE_INFOPLIST_FILE = YES;
				INFOPLIST_FILE = MyStuff/SupportingFiles/Info.plist;
				INFOPLIST_KEY_UIApplicationSupportsIndirectInputEvents = YES;
				INFOPLIST_KEY_UILaunchStoryboardName = LaunchScreen;
				INFOPLIST_KEY_UIMainStoryboardFile = "";
				INFOPLIST_KEY_UISupportedInterfaceOrientations = "UIInterfaceOrientationLandscapeLeft UIInterfaceOrientationLandscapeRight UIInterfaceOrientationPortrait";
				INFOPLIST_KEY_UISupportedInterfaceOrientations_iPad = "UIInterfaceOrientationLandscapeLeft UIInterfaceOrientationLandscapeRight UIInterfaceOrientationPortrait UIInterfaceOrientationPortraitUpsideDown";
				IPHONEOS_DEPLOYMENT_TARGET = 13.0;
				LD_RUNPATH_SEARCH_PATHS = (
					"$(inherited)",
					"@executable_path/Frameworks",
				);
				MARKETING_VERSION = 1.0;
				PRODUCT_BUNDLE_IDENTIFIER = PavelAbramov.MyStuff;
				PRODUCT_NAME = "$(TARGET_NAME)";
				SWIFT_EMIT_LOC_STRINGS = YES;
				SWIFT_VERSION = 5.0;
				TARGETED_DEVICE_FAMILY = "1,2";
			};
			name = Release;
		};
		12D5186E2B7F2F4800F928A3 /* Debug */ = {
			isa = XCBuildConfiguration;
			buildSettings = {
				ALWAYS_EMBED_SWIFT_STANDARD_LIBRARIES = YES;
				BUNDLE_LOADER = "$(TEST_HOST)";
				CODE_SIGN_STYLE = Automatic;
				CURRENT_PROJECT_VERSION = 1;
				GENERATE_INFOPLIST_FILE = YES;
				IPHONEOS_DEPLOYMENT_TARGET = 17.2;
				MARKETING_VERSION = 1.0;
				PRODUCT_BUNDLE_IDENTIFIER = PavelAbramov.MyStuffTests;
				PRODUCT_NAME = "$(TARGET_NAME)";
				SWIFT_EMIT_LOC_STRINGS = NO;
				SWIFT_VERSION = 5.0;
				TARGETED_DEVICE_FAMILY = "1,2";
				TEST_HOST = "$(BUILT_PRODUCTS_DIR)/MyStuff.app/$(BUNDLE_EXECUTABLE_FOLDER_PATH)/MyStuff";
			};
			name = Debug;
		};
		12D5186F2B7F2F4800F928A3 /* Release */ = {
			isa = XCBuildConfiguration;
			buildSettings = {
				ALWAYS_EMBED_SWIFT_STANDARD_LIBRARIES = YES;
				BUNDLE_LOADER = "$(TEST_HOST)";
				CODE_SIGN_STYLE = Automatic;
				CURRENT_PROJECT_VERSION = 1;
				GENERATE_INFOPLIST_FILE = YES;
				IPHONEOS_DEPLOYMENT_TARGET = 17.2;
				MARKETING_VERSION = 1.0;
				PRODUCT_BUNDLE_IDENTIFIER = PavelAbramov.MyStuffTests;
				PRODUCT_NAME = "$(TARGET_NAME)";
				SWIFT_EMIT_LOC_STRINGS = NO;
				SWIFT_VERSION = 5.0;
				TARGETED_DEVICE_FAMILY = "1,2";
				TEST_HOST = "$(BUILT_PRODUCTS_DIR)/MyStuff.app/$(BUNDLE_EXECUTABLE_FOLDER_PATH)/MyStuff";
			};
			name = Release;
		};
		12D518712B7F2F4800F928A3 /* Debug */ = {
			isa = XCBuildConfiguration;
			buildSettings = {
				ALWAYS_EMBED_SWIFT_STANDARD_LIBRARIES = YES;
				CODE_SIGN_STYLE = Automatic;
				CURRENT_PROJECT_VERSION = 1;
				GENERATE_INFOPLIST_FILE = YES;
				MARKETING_VERSION = 1.0;
				PRODUCT_BUNDLE_IDENTIFIER = PavelAbramov.MyStuffUITests;
				PRODUCT_NAME = "$(TARGET_NAME)";
				SWIFT_EMIT_LOC_STRINGS = NO;
				SWIFT_VERSION = 5.0;
				TARGETED_DEVICE_FAMILY = "1,2";
				TEST_TARGET_NAME = MyStuff;
			};
			name = Debug;
		};
		12D518722B7F2F4800F928A3 /* Release */ = {
			isa = XCBuildConfiguration;
			buildSettings = {
				ALWAYS_EMBED_SWIFT_STANDARD_LIBRARIES = YES;
				CODE_SIGN_STYLE = Automatic;
				CURRENT_PROJECT_VERSION = 1;
				GENERATE_INFOPLIST_FILE = YES;
				MARKETING_VERSION = 1.0;
				PRODUCT_BUNDLE_IDENTIFIER = PavelAbramov.MyStuffUITests;
				PRODUCT_NAME = "$(TARGET_NAME)";
				SWIFT_EMIT_LOC_STRINGS = NO;
				SWIFT_VERSION = 5.0;
				TARGETED_DEVICE_FAMILY = "1,2";
				TEST_TARGET_NAME = MyStuff;
			};
			name = Release;
		};
/* End XCBuildConfiguration section */

/* Begin XCConfigurationList section */
		12D5183B2B7F2F4200F928A3 /* Build configuration list for PBXProject "MyStuff" */ = {
			isa = XCConfigurationList;
			buildConfigurations = (
				12D518682B7F2F4800F928A3 /* Debug */,
				12D518692B7F2F4800F928A3 /* Release */,
			);
			defaultConfigurationIsVisible = 0;
			defaultConfigurationName = Release;
		};
		12D5186A2B7F2F4800F928A3 /* Build configuration list for PBXNativeTarget "MyStuff" */ = {
			isa = XCConfigurationList;
			buildConfigurations = (
				12D5186B2B7F2F4800F928A3 /* Debug */,
				12D5186C2B7F2F4800F928A3 /* Release */,
			);
			defaultConfigurationIsVisible = 0;
			defaultConfigurationName = Release;
		};
		12D5186D2B7F2F4800F928A3 /* Build configuration list for PBXNativeTarget "MyStuffTests" */ = {
			isa = XCConfigurationList;
			buildConfigurations = (
				12D5186E2B7F2F4800F928A3 /* Debug */,
				12D5186F2B7F2F4800F928A3 /* Release */,
			);
			defaultConfigurationIsVisible = 0;
			defaultConfigurationName = Release;
		};
		12D518702B7F2F4800F928A3 /* Build configuration list for PBXNativeTarget "MyStuffUITests" */ = {
			isa = XCConfigurationList;
			buildConfigurations = (
				12D518712B7F2F4800F928A3 /* Debug */,
				12D518722B7F2F4800F928A3 /* Release */,
			);
			defaultConfigurationIsVisible = 0;
			defaultConfigurationName = Release;
		};
/* End XCConfigurationList section */
	};
	rootObject = 12D518382B7F2F4200F928A3 /* Project object */;
}
